// !$*UTF8*$!
{
	archiveVersion = 1;
	classes = {
	};
	objectVersion = 50;
	objects = {

/* Begin PBXBuildFile section */
		6664F58326040FF600514A00 /* TableViewCell.swift in Sources */ = {isa = PBXBuildFile; fileRef = 6664F58226040FF600514A00 /* TableViewCell.swift */; };
		6664F59026041ADF00514A00 /* Assets in Resources */ = {isa = PBXBuildFile; fileRef = 6664F58F26041ADF00514A00 /* Assets */; };
		6664F5A52604250900514A00 /* ViagemDAO.swift in Sources */ = {isa = PBXBuildFile; fileRef = 6664F5A42604250900514A00 /* ViagemDAO.swift */; };
		66FD02F22603DE55000019A4 /* AppDelegate.swift in Sources */ = {isa = PBXBuildFile; fileRef = 66FD02F12603DE55000019A4 /* AppDelegate.swift */; };
		66FD02F42603DE55000019A4 /* SceneDelegate.swift in Sources */ = {isa = PBXBuildFile; fileRef = 66FD02F32603DE55000019A4 /* SceneDelegate.swift */; };
		66FD02F62603DE55000019A4 /* ViewController.swift in Sources */ = {isa = PBXBuildFile; fileRef = 66FD02F52603DE55000019A4 /* ViewController.swift */; };
		66FD02F92603DE55000019A4 /* Main.storyboard in Resources */ = {isa = PBXBuildFile; fileRef = 66FD02F72603DE55000019A4 /* Main.storyboard */; };
		66FD02FB2603DE58000019A4 /* Assets.xcassets in Resources */ = {isa = PBXBuildFile; fileRef = 66FD02FA2603DE58000019A4 /* Assets.xcassets */; };
		66FD02FE2603DE58000019A4 /* LaunchScreen.storyboard in Resources */ = {isa = PBXBuildFile; fileRef = 66FD02FC2603DE58000019A4 /* LaunchScreen.storyboard */; };
		66FD03132603FE18000019A4 /* Viagem.swift in Sources */ = {isa = PBXBuildFile; fileRef = 66FD03122603FE18000019A4 /* Viagem.swift */; };
/* End PBXBuildFile section */

/* Begin PBXFileReference section */
		6664F58226040FF600514A00 /* TableViewCell.swift */ = {isa = PBXFileReference; lastKnownFileType = sourcecode.swift; path = TableViewCell.swift; sourceTree = "<group>"; };
		6664F58F26041ADF00514A00 /* Assets */ = {isa = PBXFileReference; lastKnownFileType = folder; path = Assets; sourceTree = "<group>"; };
		6664F5A42604250900514A00 /* ViagemDAO.swift */ = {isa = PBXFileReference; fileEncoding = 4; lastKnownFileType = sourcecode.swift; path = ViagemDAO.swift; sourceTree = "<group>"; };
		66FD02EE2603DE55000019A4 /* alura-travel-app.app */ = {isa = PBXFileReference; explicitFileType = wrapper.application; includeInIndex = 0; path = "alura-travel-app.app"; sourceTree = BUILT_PRODUCTS_DIR; };
		66FD02F12603DE55000019A4 /* AppDelegate.swift */ = {isa = PBXFileReference; lastKnownFileType = sourcecode.swift; path = AppDelegate.swift; sourceTree = "<group>"; };
		66FD02F32603DE55000019A4 /* SceneDelegate.swift */ = {isa = PBXFileReference; lastKnownFileType = sourcecode.swift; path = SceneDelegate.swift; sourceTree = "<group>"; };
		66FD02F52603DE55000019A4 /* ViewController.swift */ = {isa = PBXFileReference; lastKnownFileType = sourcecode.swift; path = ViewController.swift; sourceTree = "<group>"; };
		66FD02F82603DE55000019A4 /* Base */ = {isa = PBXFileReference; lastKnownFileType = file.storyboard; name = Base; path = Base.lproj/Main.storyboard; sourceTree = "<group>"; };
		66FD02FA2603DE58000019A4 /* Assets.xcassets */ = {isa = PBXFileReference; lastKnownFileType = folder.assetcatalog; path = Assets.xcassets; sourceTree = "<group>"; };
		66FD02FD2603DE58000019A4 /* Base */ = {isa = PBXFileReference; lastKnownFileType = file.storyboard; name = Base; path = Base.lproj/LaunchScreen.storyboard; sourceTree = "<group>"; };
		66FD02FF2603DE58000019A4 /* Info.plist */ = {isa = PBXFileReference; lastKnownFileType = text.plist.xml; path = Info.plist; sourceTree = "<group>"; };
		66FD03122603FE18000019A4 /* Viagem.swift */ = {isa = PBXFileReference; lastKnownFileType = sourcecode.swift; path = Viagem.swift; sourceTree = "<group>"; };
/* End PBXFileReference section */

/* Begin PBXFrameworksBuildPhase section */
		66FD02EB2603DE55000019A4 /* Frameworks */ = {
			isa = PBXFrameworksBuildPhase;
			buildActionMask = 2147483647;
			files = (
			);
			runOnlyForDeploymentPostprocessing = 0;
		};
/* End PBXFrameworksBuildPhase section */

/* Begin PBXGroup section */
		6664F5922604221000514A00 /* Model */ = {
			isa = PBXGroup;
			children = (
				66FD03122603FE18000019A4 /* Viagem.swift */,
			);
			path = Model;
			sourceTree = "<group>";
		};
		6664F5942604222000514A00 /* Home */ = {
			isa = PBXGroup;
			children = (
				6664F5962604224A00514A00 /* View */,
				6664F5952604224100514A00 /* Controller */,
			);
			path = Home;
			sourceTree = "<group>";
		};
		6664F5952604224100514A00 /* Controller */ = {
			isa = PBXGroup;
			children = (
				66FD02F52603DE55000019A4 /* ViewController.swift */,
			);
			path = Controller;
			sourceTree = "<group>";
		};
		6664F5962604224A00514A00 /* View */ = {
			isa = PBXGroup;
			children = (
				6664F58226040FF600514A00 /* TableViewCell.swift */,
			);
			path = View;
			sourceTree = "<group>";
		};
		66FD02E52603DE55000019A4 = {
			isa = PBXGroup;
			children = (
				66FD02F02603DE55000019A4 /* alura-travel-app */,
				66FD02EF2603DE55000019A4 /* Products */,
			);
			sourceTree = "<group>";
		};
		66FD02EF2603DE55000019A4 /* Products */ = {
			isa = PBXGroup;
			children = (
				66FD02EE2603DE55000019A4 /* alura-travel-app.app */,
			);
			name = Products;
			sourceTree = "<group>";
		};
		66FD02F02603DE55000019A4 /* alura-travel-app */ = {
			isa = PBXGroup;
			children = (
				6664F5A42604250900514A00 /* ViagemDAO.swift */,
				66FD02FA2603DE58000019A4 /* Assets.xcassets */,
				6664F58F26041ADF00514A00 /* Assets */,
				6664F5942604222000514A00 /* Home */,
				6664F5922604221000514A00 /* Model */,
				66FD02F12603DE55000019A4 /* AppDelegate.swift */,
				66FD02F32603DE55000019A4 /* SceneDelegate.swift */,
				66FD02F72603DE55000019A4 /* Main.storyboard */,
				66FD02FC2603DE58000019A4 /* LaunchScreen.storyboard */,
				66FD02FF2603DE58000019A4 /* Info.plist */,
			);
			path = "alura-travel-app";
			sourceTree = "<group>";
		};
/* End PBXGroup section */

/* Begin PBXNativeTarget section */
		66FD02ED2603DE55000019A4 /* alura-travel-app */ = {
			isa = PBXNativeTarget;
			buildConfigurationList = 66FD03022603DE58000019A4 /* Build configuration list for PBXNativeTarget "alura-travel-app" */;
			buildPhases = (
				66FD02EA2603DE55000019A4 /* Sources */,
				66FD02EB2603DE55000019A4 /* Frameworks */,
				66FD02EC2603DE55000019A4 /* Resources */,
			);
			buildRules = (
			);
			dependencies = (
			);
			name = "alura-travel-app";
			productName = "alura-travel-app";
			productReference = 66FD02EE2603DE55000019A4 /* alura-travel-app.app */;
			productType = "com.apple.product-type.application";
		};
/* End PBXNativeTarget section */

/* Begin PBXProject section */
		66FD02E62603DE55000019A4 /* Project object */ = {
			isa = PBXProject;
			attributes = {
				LastSwiftUpdateCheck = 1240;
				LastUpgradeCheck = 1240;
				TargetAttributes = {
					66FD02ED2603DE55000019A4 = {
						CreatedOnToolsVersion = 12.4;
					};
				};
			};
			buildConfigurationList = 66FD02E92603DE55000019A4 /* Build configuration list for PBXProject "alura-travel-app" */;
			compatibilityVersion = "Xcode 9.3";
			developmentRegion = en;
			hasScannedForEncodings = 0;
			knownRegions = (
				en,
				Base,
			);
			mainGroup = 66FD02E52603DE55000019A4;
			productRefGroup = 66FD02EF2603DE55000019A4 /* Products */;
			projectDirPath = "";
			projectRoot = "";
			targets = (
				66FD02ED2603DE55000019A4 /* alura-travel-app */,
			);
		};
/* End PBXProject section */

/* Begin PBXResourcesBuildPhase section */
		66FD02EC2603DE55000019A4 /* Resources */ = {
			isa = PBXResourcesBuildPhase;
			buildActionMask = 2147483647;
			files = (
				66FD02FE2603DE58000019A4 /* LaunchScreen.storyboard in Resources */,
				6664F59026041ADF00514A00 /* Assets in Resources */,
				66FD02FB2603DE58000019A4 /* Assets.xcassets in Resources */,
				66FD02F92603DE55000019A4 /* Main.storyboard in Resources */,
			);
			runOnlyForDeploymentPostprocessing = 0;
		};
/* End PBXResourcesBuildPhase section */

/* Begin PBXSourcesBuildPhase section */
		66FD02EA2603DE55000019A4 /* Sources */ = {
			isa = PBXSourcesBuildPhase;
			buildActionMask = 2147483647;
			files = (
				66FD02F62603DE55000019A4 /* ViewController.swift in Sources */,
				66FD03132603FE18000019A4 /* Viagem.swift in Sources */,
				6664F58326040FF600514A00 /* TableViewCell.swift in Sources */,
				6664F5A52604250900514A00 /* ViagemDAO.swift in Sources */,
				66FD02F22603DE55000019A4 /* AppDelegate.swift in Sources */,
				66FD02F42603DE55000019A4 /* SceneDelegate.swift in Sources */,
			);
			runOnlyForDeploymentPostprocessing = 0;
		};
/* End PBXSourcesBuildPhase section */

/* Begin PBXVariantGroup section */
		66FD02F72603DE55000019A4 /* Main.storyboard */ = {
			isa = PBXVariantGroup;
			children = (
				66FD02F82603DE55000019A4 /* Base */,
			);
			name = Main.storyboard;
			sourceTree = "<group>";
		};
		66FD02FC2603DE58000019A4 /* LaunchScreen.storyboard */ = {
			isa = PBXVariantGroup;
			children = (
				66FD02FD2603DE58000019A4 /* Base */,
			);
			name = LaunchScreen.storyboard;
			sourceTree = "<group>";
		};
/* End PBXVariantGroup section */

/* Begin XCBuildConfiguration section */
		66FD03002603DE58000019A4 /* Debug */ = {
			isa = XCBuildConfiguration;
			buildSettings = {
				ALWAYS_SEARCH_USER_PATHS = NO;
				CLANG_ANALYZER_NONNULL = YES;
				CLANG_ANALYZER_NUMBER_OBJECT_CONVERSION = YES_AGGRESSIVE;
				CLANG_CXX_LANGUAGE_STANDARD = "gnu++14";
				CLANG_CXX_LIBRARY = "libc++";
				CLANG_ENABLE_MODULES = YES;
				CLANG_ENABLE_OBJC_ARC = YES;
				CLANG_ENABLE_OBJC_WEAK = YES;
				CLANG_WARN_BLOCK_CAPTURE_AUTORELEASING = YES;
				CLANG_WARN_BOOL_CONVERSION = YES;
				CLANG_WARN_COMMA = YES;
				CLANG_WARN_CONSTANT_CONVERSION = YES;
				CLANG_WARN_DEPRECATED_OBJC_IMPLEMENTATIONS = YES;
				CLANG_WARN_DIRECT_OBJC_ISA_USAGE = YES_ERROR;
				CLANG_WARN_DOCUMENTATION_COMMENTS = YES;
				CLANG_WARN_EMPTY_BODY = YES;
				CLANG_WARN_ENUM_CONVERSION = YES;
				CLANG_WARN_INFINITE_RECURSION = YES;
				CLANG_WARN_INT_CONVERSION = YES;
				CLANG_WARN_NON_LITERAL_NULL_CONVERSION = YES;
				CLANG_WARN_OBJC_IMPLICIT_RETAIN_SELF = YES;
				CLANG_WARN_OBJC_LITERAL_CONVERSION = YES;
				CLANG_WARN_OBJC_ROOT_CLASS = YES_ERROR;
				CLANG_WARN_QUOTED_INCLUDE_IN_FRAMEWORK_HEADER = YES;
				CLANG_WARN_RANGE_LOOP_ANALYSIS = YES;
				CLANG_WARN_STRICT_PROTOTYPES = YES;
				CLANG_WARN_SUSPICIOUS_MOVE = YES;
				CLANG_WARN_UNGUARDED_AVAILABILITY = YES_AGGRESSIVE;
				CLANG_WARN_UNREACHABLE_CODE = YES;
				CLANG_WARN__DUPLICATE_METHOD_MATCH = YES;
				COPY_PHASE_STRIP = NO;
				DEBUG_INFORMATION_FORMAT = dwarf;
				ENABLE_STRICT_OBJC_MSGSEND = YES;
				ENABLE_TESTABILITY = YES;
				GCC_C_LANGUAGE_STANDARD = gnu11;
				GCC_DYNAMIC_NO_PIC = NO;
				GCC_NO_COMMON_BLOCKS = YES;
				GCC_OPTIMIZATION_LEVEL = 0;
				GCC_PREPROCESSOR_DEFINITIONS = (
					"DEBUG=1",
					"$(inherited)",
				);
				GCC_WARN_64_TO_32_BIT_CONVERSION = YES;
				GCC_WARN_ABOUT_RETURN_TYPE = YES_ERROR;
				GCC_WARN_UNDECLARED_SELECTOR = YES;
				GCC_WARN_UNINITIALIZED_AUTOS = YES_AGGRESSIVE;
				GCC_WARN_UNUSED_FUNCTION = YES;
				GCC_WARN_UNUSED_VARIABLE = YES;
				IPHONEOS_DEPLOYMENT_TARGET = 14.4;
				MTL_ENABLE_DEBUG_INFO = INCLUDE_SOURCE;
				MTL_FAST_MATH = YES;
				ONLY_ACTIVE_ARCH = YES;
				SDKROOT = iphoneos;
				SWIFT_ACTIVE_COMPILATION_CONDITIONS = DEBUG;
				SWIFT_OPTIMIZATION_LEVEL = "-Onone";
			};
			name = Debug;
		};
		66FD03012603DE58000019A4 /* Release */ = {
			isa = XCBuildConfiguration;
			buildSettings = {
				ALWAYS_SEARCH_USER_PATHS = NO;
				CLANG_ANALYZER_NONNULL = YES;
				CLANG_ANALYZER_NUMBER_OBJECT_CONVERSION = YES_AGGRESSIVE;
				CLANG_CXX_LANGUAGE_STANDARD = "gnu++14";
				CLANG_CXX_LIBRARY = "libc++";
				CLANG_ENABLE_MODULES = YES;
				CLANG_ENABLE_OBJC_ARC = YES;
				CLANG_ENABLE_OBJC_WEAK = YES;
				CLANG_WARN_BLOCK_CAPTURE_AUTORELEASING = YES;
				CLANG_WARN_BOOL_CONVERSION = YES;
				CLANG_WARN_COMMA = YES;
				CLANG_WARN_CONSTANT_CONVERSION = YES;
				CLANG_WARN_DEPRECATED_OBJC_IMPLEMENTATIONS = YES;
				CLANG_WARN_DIRECT_OBJC_ISA_USAGE = YES_ERROR;
				CLANG_WARN_DOCUMENTATION_COMMENTS = YES;
				CLANG_WARN_EMPTY_BODY = YES;
				CLANG_WARN_ENUM_CONVERSION = YES;
				CLANG_WARN_INFINITE_RECURSION = YES;
				CLANG_WARN_INT_CONVERSION = YES;
				CLANG_WARN_NON_LITERAL_NULL_CONVERSION = YES;
				CLANG_WARN_OBJC_IMPLICIT_RETAIN_SELF = YES;
				CLANG_WARN_OBJC_LITERAL_CONVERSION = YES;
				CLANG_WARN_OBJC_ROOT_CLASS = YES_ERROR;
				CLANG_WARN_QUOTED_INCLUDE_IN_FRAMEWORK_HEADER = YES;
				CLANG_WARN_RANGE_LOOP_ANALYSIS = YES;
				CLANG_WARN_STRICT_PROTOTYPES = YES;
				CLANG_WARN_SUSPICIOUS_MOVE = YES;
				CLANG_WARN_UNGUARDED_AVAILABILITY = YES_AGGRESSIVE;
				CLANG_WARN_UNREACHABLE_CODE = YES;
				CLANG_WARN__DUPLICATE_METHOD_MATCH = YES;
				COPY_PHASE_STRIP = NO;
				DEBUG_INFORMATION_FORMAT = "dwarf-with-dsym";
				ENABLE_NS_ASSERTIONS = NO;
				ENABLE_STRICT_OBJC_MSGSEND = YES;
				GCC_C_LANGUAGE_STANDARD = gnu11;
				GCC_NO_COMMON_BLOCKS = YES;
				GCC_WARN_64_TO_32_BIT_CONVERSION = YES;
				GCC_WARN_ABOUT_RETURN_TYPE = YES_ERROR;
				GCC_WARN_UNDECLARED_SELECTOR = YES;
				GCC_WARN_UNINITIALIZED_AUTOS = YES_AGGRESSIVE;
				GCC_WARN_UNUSED_FUNCTION = YES;
				GCC_WARN_UNUSED_VARIABLE = YES;
				IPHONEOS_DEPLOYMENT_TARGET = 14.4;
				MTL_ENABLE_DEBUG_INFO = NO;
				MTL_FAST_MATH = YES;
				SDKROOT = iphoneos;
				SWIFT_COMPILATION_MODE = wholemodule;
				SWIFT_OPTIMIZATION_LEVEL = "-O";
				VALIDATE_PRODUCT = YES;
			};
			name = Release;
		};
		66FD03032603DE58000019A4 /* Debug */ = {
			isa = XCBuildConfiguration;
			buildSettings = {
				ASSETCATALOG_COMPILER_APPICON_NAME = AppIcon;
				ASSETCATALOG_COMPILER_GLOBAL_ACCENT_COLOR_NAME = AccentColor;
				CODE_SIGN_STYLE = Automatic;
				DEVELOPMENT_TEAM = 2F4556C25L;
				INFOPLIST_FILE = "alura-travel-app/Info.plist";
				LD_RUNPATH_SEARCH_PATHS = (
					"$(inherited)",
					"@executable_path/Frameworks",
				);
				PRODUCT_BUNDLE_IDENTIFIER = "com.br.everis.alura-travel-app";
				PRODUCT_NAME = "$(TARGET_NAME)";
				SWIFT_VERSION = 5.0;
				TARGETED_DEVICE_FAMILY = "1,2";
			};
			name = Debug;
		};
		66FD03042603DE58000019A4 /* Release */ = {
			isa = XCBuildConfiguration;
			buildSettings = {
				ASSETCATALOG_COMPILER_APPICON_NAME = AppIcon;
				ASSETCATALOG_COMPILER_GLOBAL_ACCENT_COLOR_NAME = AccentColor;
				CODE_SIGN_STYLE = Automatic;
				DEVELOPMENT_TEAM = 2F4556C25L;
				INFOPLIST_FILE = "alura-travel-app/Info.plist";
				LD_RUNPATH_SEARCH_PATHS = (
					"$(inherited)",
					"@executable_path/Frameworks",
				);
				PRODUCT_BUNDLE_IDENTIFIER = "com.br.everis.alura-travel-app";
				PRODUCT_NAME = "$(TARGET_NAME)";
				SWIFT_VERSION = 5.0;
				TARGETED_DEVICE_FAMILY = "1,2";
			};
			name = Release;
		};
/* End XCBuildConfiguration section */

/* Begin XCConfigurationList section */
		66FD02E92603DE55000019A4 /* Build configuration list for PBXProject "alura-travel-app" */ = {
			isa = XCConfigurationList;
			buildConfigurations = (
				66FD03002603DE58000019A4 /* Debug */,
				66FD03012603DE58000019A4 /* Release */,
			);
			defaultConfigurationIsVisible = 0;
			defaultConfigurationName = Release;
		};
		66FD03022603DE58000019A4 /* Build configuration list for PBXNativeTarget "alura-travel-app" */ = {
			isa = XCConfigurationList;
			buildConfigurations = (
				66FD03032603DE58000019A4 /* Debug */,
				66FD03042603DE58000019A4 /* Release */,
			);
			defaultConfigurationIsVisible = 0;
			defaultConfigurationName = Release;
		};
/* End XCConfigurationList section */
	};
	rootObject = 66FD02E62603DE55000019A4 /* Project object */;
}
